
Microsoft Visual Studio Solution File, Format Version 12.00
# Visual Studio 14
VisualStudioVersion = 14.0.23107.0
MinimumVisualStudioVersion = 10.0.40219.1
Project("{FAE04EC0-301F-11D3-BF4B-00C04F79EFBC}") = "Hackathon.Droid", "Hackathon\Hackathon.Droid\Hackathon.Droid.csproj", "{47DFA328-4767-47E5-9D8D-609991FAD8C2}"
EndProject
Project("{FAE04EC0-301F-11D3-BF4B-00C04F79EFBC}") = "Hackathon.iOS", "Hackathon\Hackathon.iOS\Hackathon.iOS.csproj", "{E27FCC90-B987-40AA-9987-343221706981}"
EndProject
Project("{FAE04EC0-301F-11D3-BF4B-00C04F79EFBC}") = "Hackathon.WinPhone", "Hackathon\Hackathon.WinPhone\Hackathon.WinPhone.csproj", "{CC42DE29-2DE4-47A0-B3CD-A571DB321D77}"
EndProject
Project("{FAE04EC0-301F-11D3-BF4B-00C04F79EFBC}") = "Hackathon", "Hackathon\Hackathon\Hackathon.csproj", "{41C503A8-1992-4546-B934-301AE50C9BEA}"
EndProject
Global
	GlobalSection(SolutionConfigurationPlatforms) = preSolution
		Ad-Hoc|Any CPU = Ad-Hoc|Any CPU
		Ad-Hoc|ARM = Ad-Hoc|ARM
		Ad-Hoc|iPhone = Ad-Hoc|iPhone
		Ad-Hoc|iPhoneSimulator = Ad-Hoc|iPhoneSimulator
		Ad-Hoc|x86 = Ad-Hoc|x86
		AppStore|Any CPU = AppStore|Any CPU
		AppStore|ARM = AppStore|ARM
		AppStore|iPhone = AppStore|iPhone
		AppStore|iPhoneSimulator = AppStore|iPhoneSimulator
		AppStore|x86 = AppStore|x86
		Debug|Any CPU = Debug|Any CPU
		Debug|ARM = Debug|ARM
		Debug|iPhone = Debug|iPhone
		Debug|iPhoneSimulator = Debug|iPhoneSimulator
		Debug|x86 = Debug|x86
		Release|Any CPU = Release|Any CPU
		Release|ARM = Release|ARM
		Release|iPhone = Release|iPhone
		Release|iPhoneSimulator = Release|iPhoneSimulator
		Release|x86 = Release|x86
	EndGlobalSection
	GlobalSection(ProjectConfigurationPlatforms) = postSolution
		{47DFA328-4767-47E5-9D8D-609991FAD8C2}.Ad-Hoc|Any CPU.ActiveCfg = Release|Any CPU
		{47DFA328-4767-47E5-9D8D-609991FAD8C2}.Ad-Hoc|Any CPU.Build.0 = Release|Any CPU
		{47DFA328-4767-47E5-9D8D-609991FAD8C2}.Ad-Hoc|Any CPU.Deploy.0 = Release|Any CPU
		{47DFA328-4767-47E5-9D8D-609991FAD8C2}.Ad-Hoc|ARM.ActiveCfg = Release|Any CPU
		{47DFA328-4767-47E5-9D8D-609991FAD8C2}.Ad-Hoc|ARM.Build.0 = Release|Any CPU
		{47DFA328-4767-47E5-9D8D-609991FAD8C2}.Ad-Hoc|ARM.Deploy.0 = Release|Any CPU
		{47DFA328-4767-47E5-9D8D-609991FAD8C2}.Ad-Hoc|iPhone.ActiveCfg = Release|Any CPU
		{47DFA328-4767-47E5-9D8D-609991FAD8C2}.Ad-Hoc|iPhone.Build.0 = Release|Any CPU
		{47DFA328-4767-47E5-9D8D-609991FAD8C2}.Ad-Hoc|iPhone.Deploy.0 = Release|Any CPU
		{47DFA328-4767-47E5-9D8D-609991FAD8C2}.Ad-Hoc|iPhoneSimulator.ActiveCfg = Release|Any CPU
		{47DFA328-4767-47E5-9D8D-609991FAD8C2}.Ad-Hoc|iPhoneSimulator.Build.0 = Release|Any CPU
		{47DFA328-4767-47E5-9D8D-609991FAD8C2}.Ad-Hoc|iPhoneSimulator.Deploy.0 = Release|Any CPU
		{47DFA328-4767-47E5-9D8D-609991FAD8C2}.Ad-Hoc|x86.ActiveCfg = Release|Any CPU
		{47DFA328-4767-47E5-9D8D-609991FAD8C2}.Ad-Hoc|x86.Build.0 = Release|Any CPU
		{47DFA328-4767-47E5-9D8D-609991FAD8C2}.Ad-Hoc|x86.Deploy.0 = Release|Any CPU
		{47DFA328-4767-47E5-9D8D-609991FAD8C2}.AppStore|Any CPU.ActiveCfg = Release|Any CPU
		{47DFA328-4767-47E5-9D8D-609991FAD8C2}.AppStore|Any CPU.Build.0 = Release|Any CPU
		{47DFA328-4767-47E5-9D8D-609991FAD8C2}.AppStore|Any CPU.Deploy.0 = Release|Any CPU
		{47DFA328-4767-47E5-9D8D-609991FAD8C2}.AppStore|ARM.ActiveCfg = Release|Any CPU
		{47DFA328-4767-47E5-9D8D-609991FAD8C2}.AppStore|ARM.Build.0 = Release|Any CPU
		{47DFA328-4767-47E5-9D8D-609991FAD8C2}.AppStore|ARM.Deploy.0 = Release|Any CPU
		{47DFA328-4767-47E5-9D8D-609991FAD8C2}.AppStore|iPhone.ActiveCfg = Release|Any CPU
		{47DFA328-4767-47E5-9D8D-609991FAD8C2}.AppStore|iPhone.Build.0 = Release|Any CPU
		{47DFA328-4767-47E5-9D8D-609991FAD8C2}.AppStore|iPhone.Deploy.0 = Release|Any CPU
		{47DFA328-4767-47E5-9D8D-609991FAD8C2}.AppStore|iPhoneSimulator.ActiveCfg = Release|Any CPU
		{47DFA328-4767-47E5-9D8D-609991FAD8C2}.AppStore|iPhoneSimulator.Build.0 = Release|Any CPU
		{47DFA328-4767-47E5-9D8D-609991FAD8C2}.AppStore|iPhoneSimulator.Deploy.0 = Release|Any CPU
		{47DFA328-4767-47E5-9D8D-609991FAD8C2}.AppStore|x86.ActiveCfg = Release|Any CPU
		{47DFA328-4767-47E5-9D8D-609991FAD8C2}.AppStore|x86.Build.0 = Release|Any CPU
		{47DFA328-4767-47E5-9D8D-609991FAD8C2}.AppStore|x86.Deploy.0 = Release|Any CPU
		{47DFA328-4767-47E5-9D8D-609991FAD8C2}.Debug|Any CPU.ActiveCfg = Debug|Any CPU
		{47DFA328-4767-47E5-9D8D-609991FAD8C2}.Debug|Any CPU.Build.0 = Debug|Any CPU
		{47DFA328-4767-47E5-9D8D-609991FAD8C2}.Debug|Any CPU.Deploy.0 = Debug|Any CPU
		{47DFA328-4767-47E5-9D8D-609991FAD8C2}.Debug|ARM.ActiveCfg = Debug|Any CPU
		{47DFA328-4767-47E5-9D8D-609991FAD8C2}.Debug|ARM.Build.0 = Debug|Any CPU
		{47DFA328-4767-47E5-9D8D-609991FAD8C2}.Debug|ARM.Deploy.0 = Debug|Any CPU
		{47DFA328-4767-47E5-9D8D-609991FAD8C2}.Debug|iPhone.ActiveCfg = Debug|Any CPU
		{47DFA328-4767-47E5-9D8D-609991FAD8C2}.Debug|iPhone.Build.0 = Debug|Any CPU
		{47DFA328-4767-47E5-9D8D-609991FAD8C2}.Debug|iPhone.Deploy.0 = Debug|Any CPU
		{47DFA328-4767-47E5-9D8D-609991FAD8C2}.Debug|iPhoneSimulator.ActiveCfg = Debug|Any CPU
		{47DFA328-4767-47E5-9D8D-609991FAD8C2}.Debug|iPhoneSimulator.Build.0 = Debug|Any CPU
		{47DFA328-4767-47E5-9D8D-609991FAD8C2}.Debug|iPhoneSimulator.Deploy.0 = Debug|Any CPU
		{47DFA328-4767-47E5-9D8D-609991FAD8C2}.Debug|x86.ActiveCfg = Debug|Any CPU
		{47DFA328-4767-47E5-9D8D-609991FAD8C2}.Debug|x86.Build.0 = Debug|Any CPU
		{47DFA328-4767-47E5-9D8D-609991FAD8C2}.Debug|x86.Deploy.0 = Debug|Any CPU
		{47DFA328-4767-47E5-9D8D-609991FAD8C2}.Release|Any CPU.ActiveCfg = Release|Any CPU
		{47DFA328-4767-47E5-9D8D-609991FAD8C2}.Release|Any CPU.Build.0 = Release|Any CPU
		{47DFA328-4767-47E5-9D8D-609991FAD8C2}.Release|Any CPU.Deploy.0 = Release|Any CPU
		{47DFA328-4767-47E5-9D8D-609991FAD8C2}.Release|ARM.ActiveCfg = Release|Any CPU
		{47DFA328-4767-47E5-9D8D-609991FAD8C2}.Release|ARM.Build.0 = Release|Any CPU
		{47DFA328-4767-47E5-9D8D-609991FAD8C2}.Release|ARM.Deploy.0 = Release|Any CPU
		{47DFA328-4767-47E5-9D8D-609991FAD8C2}.Release|iPhone.ActiveCfg = Release|Any CPU
		{47DFA328-4767-47E5-9D8D-609991FAD8C2}.Release|iPhone.Build.0 = Release|Any CPU
		{47DFA328-4767-47E5-9D8D-609991FAD8C2}.Release|iPhone.Deploy.0 = Release|Any CPU
		{47DFA328-4767-47E5-9D8D-609991FAD8C2}.Release|iPhoneSimulator.ActiveCfg = Release|Any CPU
		{47DFA328-4767-47E5-9D8D-609991FAD8C2}.Release|iPhoneSimulator.Build.0 = Release|Any CPU
		{47DFA328-4767-47E5-9D8D-609991FAD8C2}.Release|iPhoneSimulator.Deploy.0 = Release|Any CPU
		{47DFA328-4767-47E5-9D8D-609991FAD8C2}.Release|x86.ActiveCfg = Release|Any CPU
		{47DFA328-4767-47E5-9D8D-609991FAD8C2}.Release|x86.Build.0 = Release|Any CPU
		{47DFA328-4767-47E5-9D8D-609991FAD8C2}.Release|x86.Deploy.0 = Release|Any CPU
		{E27FCC90-B987-40AA-9987-343221706981}.Ad-Hoc|Any CPU.ActiveCfg = Ad-Hoc|iPhone
		{E27FCC90-B987-40AA-9987-343221706981}.Ad-Hoc|ARM.ActiveCfg = Ad-Hoc|iPhone
		{E27FCC90-B987-40AA-9987-343221706981}.Ad-Hoc|iPhone.ActiveCfg = Ad-Hoc|iPhone
		{E27FCC90-B987-40AA-9987-343221706981}.Ad-Hoc|iPhone.Build.0 = Ad-Hoc|iPhone
		{E27FCC90-B987-40AA-9987-343221706981}.Ad-Hoc|iPhoneSimulator.ActiveCfg = Ad-Hoc|iPhoneSimulator
		{E27FCC90-B987-40AA-9987-343221706981}.Ad-Hoc|iPhoneSimulator.Build.0 = Ad-Hoc|iPhoneSimulator
		{E27FCC90-B987-40AA-9987-343221706981}.Ad-Hoc|x86.ActiveCfg = Ad-Hoc|iPhone
		{E27FCC90-B987-40AA-9987-343221706981}.AppStore|Any CPU.ActiveCfg = AppStore|iPhone
		{E27FCC90-B987-40AA-9987-343221706981}.AppStore|ARM.ActiveCfg = AppStore|iPhone
		{E27FCC90-B987-40AA-9987-343221706981}.AppStore|iPhone.ActiveCfg = AppStore|iPhone
		{E27FCC90-B987-40AA-9987-343221706981}.AppStore|iPhone.Build.0 = AppStore|iPhone
		{E27FCC90-B987-40AA-9987-343221706981}.AppStore|iPhoneSimulator.ActiveCfg = AppStore|iPhoneSimulator
		{E27FCC90-B987-40AA-9987-343221706981}.AppStore|iPhoneSimulator.Build.0 = AppStore|iPhoneSimulator
		{E27FCC90-B987-40AA-9987-343221706981}.AppStore|x86.ActiveCfg = AppStore|iPhone
		{E27FCC90-B987-40AA-9987-343221706981}.Debug|Any CPU.ActiveCfg = Debug|iPhone
		{E27FCC90-B987-40AA-9987-343221706981}.Debug|ARM.ActiveCfg = Debug|iPhone
		{E27FCC90-B987-40AA-9987-343221706981}.Debug|iPhone.ActiveCfg = Debug|iPhone
		{E27FCC90-B987-40AA-9987-343221706981}.Debug|iPhone.Build.0 = Debug|iPhone
		{E27FCC90-B987-40AA-9987-343221706981}.Debug|iPhoneSimulator.ActiveCfg = Debug|iPhoneSimulator
		{E27FCC90-B987-40AA-9987-343221706981}.Debug|iPhoneSimulator.Build.0 = Debug|iPhoneSimulator
		{E27FCC90-B987-40AA-9987-343221706981}.Debug|x86.ActiveCfg = Debug|iPhone
		{E27FCC90-B987-40AA-9987-343221706981}.Release|Any CPU.ActiveCfg = Release|iPhone
		{E27FCC90-B987-40AA-9987-343221706981}.Release|ARM.ActiveCfg = Release|iPhone
		{E27FCC90-B987-40AA-9987-343221706981}.Release|iPhone.ActiveCfg = Release|iPhone
		{E27FCC90-B987-40AA-9987-343221706981}.Release|iPhone.Build.0 = Release|iPhone
		{E27FCC90-B987-40AA-9987-343221706981}.Release|iPhoneSimulator.ActiveCfg = Release|iPhoneSimulator
		{E27FCC90-B987-40AA-9987-343221706981}.Release|iPhoneSimulator.Build.0 = Release|iPhoneSimulator
		{E27FCC90-B987-40AA-9987-343221706981}.Release|x86.ActiveCfg = Release|iPhone
		{CC42DE29-2DE4-47A0-B3CD-A571DB321D77}.Ad-Hoc|Any CPU.ActiveCfg = Release|Any CPU
		{CC42DE29-2DE4-47A0-B3CD-A571DB321D77}.Ad-Hoc|Any CPU.Build.0 = Release|Any CPU
		{CC42DE29-2DE4-47A0-B3CD-A571DB321D77}.Ad-Hoc|Any CPU.Deploy.0 = Release|Any CPU
		{CC42DE29-2DE4-47A0-B3CD-A571DB321D77}.Ad-Hoc|ARM.ActiveCfg = Release|ARM
		{CC42DE29-2DE4-47A0-B3CD-A571DB321D77}.Ad-Hoc|ARM.Build.0 = Release|ARM
		{CC42DE29-2DE4-47A0-B3CD-A571DB321D77}.Ad-Hoc|ARM.Deploy.0 = Release|ARM
		{CC42DE29-2DE4-47A0-B3CD-A571DB321D77}.Ad-Hoc|iPhone.ActiveCfg = Release|Any CPU
		{CC42DE29-2DE4-47A0-B3CD-A571DB321D77}.Ad-Hoc|iPhone.Build.0 = Release|Any CPU
		{CC42DE29-2DE4-47A0-B3CD-A571DB321D77}.Ad-Hoc|iPhone.Deploy.0 = Release|Any CPU
		{CC42DE29-2DE4-47A0-B3CD-A571DB321D77}.Ad-Hoc|iPhoneSimulator.ActiveCfg = Release|Any CPU
		{CC42DE29-2DE4-47A0-B3CD-A571DB321D77}.Ad-Hoc|iPhoneSimulator.Build.0 = Release|Any CPU
		{CC42DE29-2DE4-47A0-B3CD-A571DB321D77}.Ad-Hoc|iPhoneSimulator.Deploy.0 = Release|Any CPU
		{CC42DE29-2DE4-47A0-B3CD-A571DB321D77}.Ad-Hoc|x86.ActiveCfg = Release|x86
		{CC42DE29-2DE4-47A0-B3CD-A571DB321D77}.Ad-Hoc|x86.Build.0 = Release|x86
		{CC42DE29-2DE4-47A0-B3CD-A571DB321D77}.Ad-Hoc|x86.Deploy.0 = Release|x86
		{CC42DE29-2DE4-47A0-B3CD-A571DB321D77}.AppStore|Any CPU.ActiveCfg = Release|Any CPU
		{CC42DE29-2DE4-47A0-B3CD-A571DB321D77}.AppStore|Any CPU.Build.0 = Release|Any CPU
		{CC42DE29-2DE4-47A0-B3CD-A571DB321D77}.AppStore|Any CPU.Deploy.0 = Release|Any CPU
		{CC42DE29-2DE4-47A0-B3CD-A571DB321D77}.AppStore|ARM.ActiveCfg = Release|ARM
		{CC42DE29-2DE4-47A0-B3CD-A571DB321D77}.AppStore|ARM.Build.0 = Release|ARM
		{CC42DE29-2DE4-47A0-B3CD-A571DB321D77}.AppStore|ARM.Deploy.0 = Release|ARM
		{CC42DE29-2DE4-47A0-B3CD-A571DB321D77}.AppStore|iPhone.ActiveCfg = Release|Any CPU
		{CC42DE29-2DE4-47A0-B3CD-A571DB321D77}.AppStore|iPhone.Build.0 = Release|Any CPU
		{CC42DE29-2DE4-47A0-B3CD-A571DB321D77}.AppStore|iPhone.Deploy.0 = Release|Any CPU
		{CC42DE29-2DE4-47A0-B3CD-A571DB321D77}.AppStore|iPhoneSimulator.ActiveCfg = Release|Any CPU
		{CC42DE29-2DE4-47A0-B3CD-A571DB321D77}.AppStore|iPhoneSimulator.Build.0 = Release|Any CPU
		{CC42DE29-2DE4-47A0-B3CD-A571DB321D77}.AppStore|iPhoneSimulator.Deploy.0 = Release|Any CPU
		{CC42DE29-2DE4-47A0-B3CD-A571DB321D77}.AppStore|x86.ActiveCfg = Release|x86
		{CC42DE29-2DE4-47A0-B3CD-A571DB321D77}.AppStore|x86.Build.0 = Release|x86
		{CC42DE29-2DE4-47A0-B3CD-A571DB321D77}.AppStore|x86.Deploy.0 = Release|x86
		{CC42DE29-2DE4-47A0-B3CD-A571DB321D77}.Debug|Any CPU.ActiveCfg = Debug|Any CPU
		{CC42DE29-2DE4-47A0-B3CD-A571DB321D77}.Debug|Any CPU.Build.0 = Debug|Any CPU
		{CC42DE29-2DE4-47A0-B3CD-A571DB321D77}.Debug|Any CPU.Deploy.0 = Debug|Any CPU
		{CC42DE29-2DE4-47A0-B3CD-A571DB321D77}.Debug|ARM.ActiveCfg = Debug|ARM
		{CC42DE29-2DE4-47A0-B3CD-A571DB321D77}.Debug|ARM.Build.0 = Debug|ARM
		{CC42DE29-2DE4-47A0-B3CD-A571DB321D77}.Debug|ARM.Deploy.0 = Debug|ARM
		{CC42DE29-2DE4-47A0-B3CD-A571DB321D77}.Debug|iPhone.ActiveCfg = Debug|Any CPU
		{CC42DE29-2DE4-47A0-B3CD-A571DB321D77}.Debug|iPhone.Build.0 = Debug|Any CPU
		{CC42DE29-2DE4-47A0-B3CD-A571DB321D77}.Debug|iPhone.Deploy.0 = Debug|Any CPU
		{CC42DE29-2DE4-47A0-B3CD-A571DB321D77}.Debug|iPhoneSimulator.ActiveCfg = Debug|Any CPU
		{CC42DE29-2DE4-47A0-B3CD-A571DB321D77}.Debug|iPhoneSimulator.Build.0 = Debug|Any CPU
		{CC42DE29-2DE4-47A0-B3CD-A571DB321D77}.Debug|iPhoneSimulator.Deploy.0 = Debug|Any CPU
		{CC42DE29-2DE4-47A0-B3CD-A571DB321D77}.Debug|x86.ActiveCfg = Debug|x86
		{CC42DE29-2DE4-47A0-B3CD-A571DB321D77}.Debug|x86.Build.0 = Debug|x86
		{CC42DE29-2DE4-47A0-B3CD-A571DB321D77}.Debug|x86.Deploy.0 = Debug|x86
		{CC42DE29-2DE4-47A0-B3CD-A571DB321D77}.Release|Any CPU.ActiveCfg = Release|Any CPU
		{CC42DE29-2DE4-47A0-B3CD-A571DB321D77}.Release|Any CPU.Build.0 = Release|Any CPU
		{CC42DE29-2DE4-47A0-B3CD-A571DB321D77}.Release|Any CPU.Deploy.0 = Release|Any CPU
		{CC42DE29-2DE4-47A0-B3CD-A571DB321D77}.Release|ARM.ActiveCfg = Release|ARM
		{CC42DE29-2DE4-47A0-B3CD-A571DB321D77}.Release|ARM.Build.0 = Release|ARM
		{CC42DE29-2DE4-47A0-B3CD-A571DB321D77}.Release|ARM.Deploy.0 = Release|ARM
		{CC42DE29-2DE4-47A0-B3CD-A571DB321D77}.Release|iPhone.ActiveCfg = Release|Any CPU
		{CC42DE29-2DE4-47A0-B3CD-A571DB321D77}.Release|iPhone.Build.0 = Release|Any CPU
		{CC42DE29-2DE4-47A0-B3CD-A571DB321D77}.Release|iPhone.Deploy.0 = Release|Any CPU
		{CC42DE29-2DE4-47A0-B3CD-A571DB321D77}.Release|iPhoneSimulator.ActiveCfg = Release|Any CPU
		{CC42DE29-2DE4-47A0-B3CD-A571DB321D77}.Release|iPhoneSimulator.Build.0 = Release|Any CPU
		{CC42DE29-2DE4-47A0-B3CD-A571DB321D77}.Release|iPhoneSimulator.Deploy.0 = Release|Any CPU
		{CC42DE29-2DE4-47A0-B3CD-A571DB321D77}.Release|x86.ActiveCfg = Release|x86
		{CC42DE29-2DE4-47A0-B3CD-A571DB321D77}.Release|x86.Build.0 = Release|x86
		{CC42DE29-2DE4-47A0-B3CD-A571DB321D77}.Release|x86.Deploy.0 = Release|x86
		{41C503A8-1992-4546-B934-301AE50C9BEA}.Ad-Hoc|Any CPU.ActiveCfg = Release|Any CPU
		{41C503A8-1992-4546-B934-301AE50C9BEA}.Ad-Hoc|Any CPU.Build.0 = Release|Any CPU
		{41C503A8-1992-4546-B934-301AE50C9BEA}.Ad-Hoc|ARM.ActiveCfg = Release|Any CPU
		{41C503A8-1992-4546-B934-301AE50C9BEA}.Ad-Hoc|ARM.Build.0 = Release|Any CPU
		{41C503A8-1992-4546-B934-301AE50C9BEA}.Ad-Hoc|iPhone.ActiveCfg = Release|Any CPU
		{41C503A8-1992-4546-B934-301AE50C9BEA}.Ad-Hoc|iPhone.Build.0 = Release|Any CPU
		{41C503A8-1992-4546-B934-301AE50C9BEA}.Ad-Hoc|iPhoneSimulator.ActiveCfg = Release|Any CPU
		{41C503A8-1992-4546-B934-301AE50C9BEA}.Ad-Hoc|iPhoneSimulator.Build.0 = Release|Any CPU
		{41C503A8-1992-4546-B934-301AE50C9BEA}.Ad-Hoc|x86.ActiveCfg = Release|Any CPU
		{41C503A8-1992-4546-B934-301AE50C9BEA}.Ad-Hoc|x86.Build.0 = Release|Any CPU
		{41C503A8-1992-4546-B934-301AE50C9BEA}.AppStore|Any CPU.ActiveCfg = Release|Any CPU
		{41C503A8-1992-4546-B934-301AE50C9BEA}.AppStore|Any CPU.Build.0 = Release|Any CPU
		{41C503A8-1992-4546-B934-301AE50C9BEA}.AppStore|ARM.ActiveCfg = Release|Any CPU
		{41C503A8-1992-4546-B934-301AE50C9BEA}.AppStore|ARM.Build.0 = Release|Any CPU
		{41C503A8-1992-4546-B934-301AE50C9BEA}.AppStore|iPhone.ActiveCfg = Release|Any CPU
		{41C503A8-1992-4546-B934-301AE50C9BEA}.AppStore|iPhone.Build.0 = Release|Any CPU
		{41C503A8-1992-4546-B934-301AE50C9BEA}.AppStore|iPhoneSimulator.ActiveCfg = Release|Any CPU
		{41C503A8-1992-4546-B934-301AE50C9BEA}.AppStore|iPhoneSimulator.Build.0 = Release|Any CPU
		{41C503A8-1992-4546-B934-301AE50C9BEA}.AppStore|x86.ActiveCfg = Release|Any CPU
		{41C503A8-1992-4546-B934-301AE50C9BEA}.AppStore|x86.Build.0 = Release|Any CPU
		{41C503A8-1992-4546-B934-301AE50C9BEA}.Debug|Any CPU.ActiveCfg = Debug|Any CPU
		{41C503A8-1992-4546-B934-301AE50C9BEA}.Debug|Any CPU.Build.0 = Debug|Any CPU
		{41C503A8-1992-4546-B934-301AE50C9BEA}.Debug|ARM.ActiveCfg = Debug|Any CPU
		{41C503A8-1992-4546-B934-301AE50C9BEA}.Debug|ARM.Build.0 = Debug|Any CPU
		{41C503A8-1992-4546-B934-301AE50C9BEA}.Debug|iPhone.ActiveCfg = Debug|Any CPU
		{41C503A8-1992-4546-B934-301AE50C9BEA}.Debug|iPhone.Build.0 = Debug|Any CPU
		{41C503A8-1992-4546-B934-301AE50C9BEA}.Debug|iPhoneSimulator.ActiveCfg = Debug|Any CPU
		{41C503A8-1992-4546-B934-301AE50C9BEA}.Debug|iPhoneSimulator.Build.0 = Debug|Any CPU
		{41C503A8-1992-4546-B934-301AE50C9BEA}.Debug|x86.ActiveCfg = Debug|Any CPU
		{41C503A8-1992-4546-B934-301AE50C9BEA}.Debug|x86.Build.0 = Debug|Any CPU
		{41C503A8-1992-4546-B934-301AE50C9BEA}.Release|Any CPU.ActiveCfg = Release|Any CPU
		{41C503A8-1992-4546-B934-301AE50C9BEA}.Release|Any CPU.Build.0 = Release|Any CPU
		{41C503A8-1992-4546-B934-301AE50C9BEA}.Release|ARM.ActiveCfg = Release|Any CPU
		{41C503A8-1992-4546-B934-301AE50C9BEA}.Release|ARM.Build.0 = Release|Any CPU
		{41C503A8-1992-4546-B934-301AE50C9BEA}.Release|iPhone.ActiveCfg = Release|Any CPU
		{41C503A8-1992-4546-B934-301AE50C9BEA}.Release|iPhone.Build.0 = Release|Any CPU
		{41C503A8-1992-4546-B934-301AE50C9BEA}.Release|iPhoneSimulator.ActiveCfg = Release|Any CPU
		{41C503A8-1992-4546-B934-301AE50C9BEA}.Release|iPhoneSimulator.Build.0 = Release|Any CPU
		{41C503A8-1992-4546-B934-301AE50C9BEA}.Release|x86.ActiveCfg = Release|Any CPU
		{41C503A8-1992-4546-B934-301AE50C9BEA}.Release|x86.Build.0 = Release|Any CPU
	EndGlobalSection
	GlobalSection(SolutionProperties) = preSolution
		HideSolutionNode = FALSE
	EndGlobalSection
EndGlobal
